
Microsoft Visual Studio Solution File, Format Version 12.00
# Visual Studio Version 16
VisualStudioVersion = 16.0.29215.179
MinimumVisualStudioVersion = 10.0.40219.1
Project("{FAE04EC0-301F-11D3-BF4B-00C04F79EFBC}") = "Chapter 9 exerc 3", "Chapter 9 exerc 3\Chapter 9 exerc 3.csproj", "{A12A84E9-0ED0-4352-A2A3-555FC051B2B8}"
EndProject
Global
	GlobalSection(SolutionConfigurationPlatforms) = preSolution
		Debug|Any CPU = Debug|Any CPU
		Release|Any CPU = Release|Any CPU
	EndGlobalSection
	GlobalSection(ProjectConfigurationPlatforms) = postSolution
		{A12A84E9-0ED0-4352-A2A3-555FC051B2B8}.Debug|Any CPU.ActiveCfg = Debug|Any CPU
		{A12A84E9-0ED0-4352-A2A3-555FC051B2B8}.Debug|Any CPU.Build.0 = Debug|Any CPU
		{A12A84E9-0ED0-4352-A2A3-555FC051B2B8}.Release|Any CPU.ActiveCfg = Release|Any CPU
		{A12A84E9-0ED0-4352-A2A3-555FC051B2B8}.Release|Any CPU.Build.0 = Release|Any CPU
	EndGlobalSection
	GlobalSection(SolutionProperties) = preSolution
		HideSolutionNode = FALSE
	EndGlobalSection
	GlobalSection(ExtensibilityGlobals) = postSolution
		SolutionGuid = {3F0F0FF0-A7ED-4049-9C10-E3C1EB7868A7}
	EndGlobalSection
EndGlobal
