
Microsoft Visual Studio Solution File, Format Version 12.00
# Visual Studio Version 16
VisualStudioVersion = 16.0.29215.179
MinimumVisualStudioVersion = 10.0.40219.1
Project("{FAE04EC0-301F-11D3-BF4B-00C04F79EFBC}") = "Chapter 8 exerc 2", "Chapter 8 exerc 2\Chapter 8 exerc 2.csproj", "{EBD9FDB2-307E-4D70-9E95-663770B6B252}"
EndProject
Global
	GlobalSection(SolutionConfigurationPlatforms) = preSolution
		Debug|Any CPU = Debug|Any CPU
		Release|Any CPU = Release|Any CPU
	EndGlobalSection
	GlobalSection(ProjectConfigurationPlatforms) = postSolution
		{EBD9FDB2-307E-4D70-9E95-663770B6B252}.Debug|Any CPU.ActiveCfg = Debug|Any CPU
		{EBD9FDB2-307E-4D70-9E95-663770B6B252}.Debug|Any CPU.Build.0 = Debug|Any CPU
		{EBD9FDB2-307E-4D70-9E95-663770B6B252}.Release|Any CPU.ActiveCfg = Release|Any CPU
		{EBD9FDB2-307E-4D70-9E95-663770B6B252}.Release|Any CPU.Build.0 = Release|Any CPU
	EndGlobalSection
	GlobalSection(SolutionProperties) = preSolution
		HideSolutionNode = FALSE
	EndGlobalSection
	GlobalSection(ExtensibilityGlobals) = postSolution
		SolutionGuid = {694F30BF-5504-4E58-947B-D443849CBA80}
	EndGlobalSection
EndGlobal
